// !$*UTF8*$!
{
	archiveVersion = 1;
	classes = {
	};
	objectVersion = 46;
	objects = {

/* Begin PBXBuildFile section */
		840BDC521D9A150400032EE2 /* CompanyViewController.m in Sources */ = {isa = PBXBuildFile; fileRef = 840BDC501D9A150400032EE2 /* CompanyViewController.m */; };
		840BDC571D9A1CC600032EE2 /* XTBaseModel.m in Sources */ = {isa = PBXBuildFile; fileRef = 840BDC561D9A1CC600032EE2 /* XTBaseModel.m */; };
		840BDC5A1D9A1CED00032EE2 /* CompanyVCModel.m in Sources */ = {isa = PBXBuildFile; fileRef = 840BDC591D9A1CED00032EE2 /* CompanyVCModel.m */; };
		844D1FEE1D88FE0D0032AC4C /* TopScrollImagesView.m in Sources */ = {isa = PBXBuildFile; fileRef = 844D1FED1D88FE0D0032AC4C /* TopScrollImagesView.m */; };
		845937C61D98CEBE00C6E8C6 /* UIColor+extend.m in Sources */ = {isa = PBXBuildFile; fileRef = 845937C11D98CEBE00C6E8C6 /* UIColor+extend.m */; };
		845937C71D98CEBE00C6E8C6 /* UILabel+XTinit.m in Sources */ = {isa = PBXBuildFile; fileRef = 845937C31D98CEBE00C6E8C6 /* UILabel+XTinit.m */; };
		845937C81D98CEBE00C6E8C6 /* UIView+lineView.m in Sources */ = {isa = PBXBuildFile; fileRef = 845937C51D98CEBE00C6E8C6 /* UIView+lineView.m */; };
		845941E01D98F6EE00C6E8C6 /* QiPaoTableViewViewController.m in Sources */ = {isa = PBXBuildFile; fileRef = 845941DF1D98F6EE00C6E8C6 /* QiPaoTableViewViewController.m */; };
		845941E41D98F7CF00C6E8C6 /* TableViewCell.m in Sources */ = {isa = PBXBuildFile; fileRef = 845941E21D98F7CF00C6E8C6 /* TableViewCell.m */; };
		845941E51D98F7CF00C6E8C6 /* TableViewCell.xib in Resources */ = {isa = PBXBuildFile; fileRef = 845941E31D98F7CF00C6E8C6 /* TableViewCell.xib */; };
		8461ECAA1D98C03E002452DD /* BrandViewController.m in Sources */ = {isa = PBXBuildFile; fileRef = 8461ECA91D98C03E002452DD /* BrandViewController.m */; };
		8461ECAD1D98C180002452DD /* AllBrandViewController.m in Sources */ = {isa = PBXBuildFile; fileRef = 8461ECAC1D98C180002452DD /* AllBrandViewController.m */; };
		8461ECB41D98C3E3002452DD /* QiPaoHuiViewController.m in Sources */ = {isa = PBXBuildFile; fileRef = 8461ECB31D98C3E3002452DD /* QiPaoHuiViewController.m */; };
		846E70AA1D990121009DC268 /* CLassiFyCollectionViewCell.m in Sources */ = {isa = PBXBuildFile; fileRef = 846E70A81D990121009DC268 /* CLassiFyCollectionViewCell.m */; };
		846E70AB1D990121009DC268 /* CLassiFyCollectionViewCell.xib in Resources */ = {isa = PBXBuildFile; fileRef = 846E70A91D990121009DC268 /* CLassiFyCollectionViewCell.xib */; };
		846E70B21D99030A009DC268 /* ShopTableViewCell.m in Sources */ = {isa = PBXBuildFile; fileRef = 846E70B01D99030A009DC268 /* ShopTableViewCell.m */; };
		846E70B31D99030A009DC268 /* ShopTableViewCell.xib in Resources */ = {isa = PBXBuildFile; fileRef = 846E70B11D99030A009DC268 /* ShopTableViewCell.xib */; };
		846E70B71D990A44009DC268 /* FindCollectionViewCell.m in Sources */ = {isa = PBXBuildFile; fileRef = 846E70B51D990A44009DC268 /* FindCollectionViewCell.m */; };
		846E70B81D990A44009DC268 /* FindCollectionViewCell.xib in Resources */ = {isa = PBXBuildFile; fileRef = 846E70B61D990A44009DC268 /* FindCollectionViewCell.xib */; };
		846E70C11D990DE4009DC268 /* OtherTableViewCell.m in Sources */ = {isa = PBXBuildFile; fileRef = 846E70BF1D990DE4009DC268 /* OtherTableViewCell.m */; };
		846E70C21D990DE4009DC268 /* OtherTableViewCell.xib in Resources */ = {isa = PBXBuildFile; fileRef = 846E70C01D990DE4009DC268 /* OtherTableViewCell.xib */; };
		846E70C61D990FC0009DC268 /* TopTableViewCell.m in Sources */ = {isa = PBXBuildFile; fileRef = 846E70C41D990FC0009DC268 /* TopTableViewCell.m */; };
		846E70C71D990FC0009DC268 /* TopTableViewCell.xib in Resources */ = {isa = PBXBuildFile; fileRef = 846E70C51D990FC0009DC268 /* TopTableViewCell.xib */; };
		8471B6A51D90C7AF00BD8662 /* ShowViewController.m in Sources */ = {isa = PBXBuildFile; fileRef = 8471B6A41D90C7AF00BD8662 /* ShowViewController.m */; };
		8471B6AB1D90C9E400BD8662 /* AllViewController.m in Sources */ = {isa = PBXBuildFile; fileRef = 8471B6AA1D90C9E400BD8662 /* AllViewController.m */; };
		8471B6AF1D90CA8A00BD8662 /* ShowCollectionViewCell.m in Sources */ = {isa = PBXBuildFile; fileRef = 8471B6AD1D90CA8A00BD8662 /* ShowCollectionViewCell.m */; };
		8471B6B01D90CA8A00BD8662 /* ShowCollectionViewCell.xib in Resources */ = {isa = PBXBuildFile; fileRef = 8471B6AE1D90CA8A00BD8662 /* ShowCollectionViewCell.xib */; };
		8486498A1D89389E000FC933 /* OtherScrollImages.m in Sources */ = {isa = PBXBuildFile; fileRef = 848649891D89389E000FC933 /* OtherScrollImages.m */; };
		8486498D1D893C13000FC933 /* WYScrollView.m in Sources */ = {isa = PBXBuildFile; fileRef = 8486498C1D893C13000FC933 /* WYScrollView.m */; };
		848649901D893F97000FC933 /* lastScrollImages.m in Sources */ = {isa = PBXBuildFile; fileRef = 8486498F1D893F97000FC933 /* lastScrollImages.m */; };
		848649941D8940CC000FC933 /* HomeCollectionViewCell.m in Sources */ = {isa = PBXBuildFile; fileRef = 848649921D8940CC000FC933 /* HomeCollectionViewCell.m */; };
		848649951D8940CC000FC933 /* HomeCollectionViewCell.xib in Resources */ = {isa = PBXBuildFile; fileRef = 848649931D8940CC000FC933 /* HomeCollectionViewCell.xib */; };
		84B1FD9D1D87EA2F00E6CC0D /* main.m in Sources */ = {isa = PBXBuildFile; fileRef = 84B1FD9C1D87EA2F00E6CC0D /* main.m */; };
		84B1FDA01D87EA2F00E6CC0D /* AppDelegate.m in Sources */ = {isa = PBXBuildFile; fileRef = 84B1FD9F1D87EA2F00E6CC0D /* AppDelegate.m */; };
		84B1FDA31D87EA2F00E6CC0D /* ViewController.m in Sources */ = {isa = PBXBuildFile; fileRef = 84B1FDA21D87EA2F00E6CC0D /* ViewController.m */; };
		84B1FDA61D87EA2F00E6CC0D /* Main.storyboard in Resources */ = {isa = PBXBuildFile; fileRef = 84B1FDA41D87EA2F00E6CC0D /* Main.storyboard */; };
		84B1FDA81D87EA2F00E6CC0D /* Assets.xcassets in Resources */ = {isa = PBXBuildFile; fileRef = 84B1FDA71D87EA2F00E6CC0D /* Assets.xcassets */; };
		84B1FDAB1D87EA2F00E6CC0D /* LaunchScreen.storyboard in Resources */ = {isa = PBXBuildFile; fileRef = 84B1FDA91D87EA2F00E6CC0D /* LaunchScreen.storyboard */; };
		84B1FDCC1D87EBCB00E6CC0D /* UIImage+Image.m in Sources */ = {isa = PBXBuildFile; fileRef = 84B1FDC11D87EBCB00E6CC0D /* UIImage+Image.m */; };
		84B1FDCD1D87EBCB00E6CC0D /* UIView+LBExtension.m in Sources */ = {isa = PBXBuildFile; fileRef = 84B1FDC31D87EBCB00E6CC0D /* UIView+LBExtension.m */; };
		84B1FDCE1D87EBCB00E6CC0D /* LBNavigationController.m in Sources */ = {isa = PBXBuildFile; fileRef = 84B1FDC61D87EBCB00E6CC0D /* LBNavigationController.m */; };
		84B1FDCF1D87EBCB00E6CC0D /* LBTabBarController.m in Sources */ = {isa = PBXBuildFile; fileRef = 84B1FDC81D87EBCB00E6CC0D /* LBTabBarController.m */; };
		84B1FDD01D87EBCB00E6CC0D /* LBTabBar.m in Sources */ = {isa = PBXBuildFile; fileRef = 84B1FDCB1D87EBCB00E6CC0D /* LBTabBar.m */; };
		84B1FDD61D87F9E100E6CC0D /* HomeViewController.m in Sources */ = {isa = PBXBuildFile; fileRef = 84B1FDD41D87F9E100E6CC0D /* HomeViewController.m */; };
		84B1FDE81D87FA4800E6CC0D /* ClassifyViewController.m in Sources */ = {isa = PBXBuildFile; fileRef = 84B1FDE61D87FA4800E6CC0D /* ClassifyViewController.m */; };
		84B1FDE91D87FA4800E6CC0D /* ClassifyViewController.xib in Resources */ = {isa = PBXBuildFile; fileRef = 84B1FDE71D87FA4800E6CC0D /* ClassifyViewController.xib */; };
		84B1FDEE1D87FA7000E6CC0D /* ShopViewController.m in Sources */ = {isa = PBXBuildFile; fileRef = 84B1FDEC1D87FA7000E6CC0D /* ShopViewController.m */; };
		84B1FDEF1D87FA7000E6CC0D /* ShopViewController.xib in Resources */ = {isa = PBXBuildFile; fileRef = 84B1FDED1D87FA7000E6CC0D /* ShopViewController.xib */; };
		84B1FDF31D87FA8900E6CC0D /* FindViewController.m in Sources */ = {isa = PBXBuildFile; fileRef = 84B1FDF11D87FA8900E6CC0D /* FindViewController.m */; };
		84B1FDF41D87FA8900E6CC0D /* FindViewController.xib in Resources */ = {isa = PBXBuildFile; fileRef = 84B1FDF21D87FA8900E6CC0D /* FindViewController.xib */; };
		84B1FDF81D87FA9600E6CC0D /* VipViewController.m in Sources */ = {isa = PBXBuildFile; fileRef = 84B1FDF61D87FA9600E6CC0D /* VipViewController.m */; };
		84B2EACE1D8E3982006B8805 /* ChinaQPTableViewController.m in Sources */ = {isa = PBXBuildFile; fileRef = 84B2EACD1D8E3982006B8805 /* ChinaQPTableViewController.m */; };
		84B2EAD21D8E39E9006B8805 /* ChinaQpTableViewCell.m in Sources */ = {isa = PBXBuildFile; fileRef = 84B2EAD01D8E39E9006B8805 /* ChinaQpTableViewCell.m */; };
		84B2EAD31D8E39E9006B8805 /* ChinaQpTableViewCell.xib in Resources */ = {isa = PBXBuildFile; fileRef = 84B2EAD11D8E39E9006B8805 /* ChinaQpTableViewCell.xib */; };
		84F1022D1D89280B00788DD7 /* FourBtns.m in Sources */ = {isa = PBXBuildFile; fileRef = 84F1022C1D89280B00788DD7 /* FourBtns.m */; };
		DF1145909F23B3C12847D775 /* Pods_cheongsam.framework in Frameworks */ = {isa = PBXBuildFile; fileRef = 78BEE2F8CC90D8AFD40C85A6 /* Pods_cheongsam.framework */; };
/* End PBXBuildFile section */

/* Begin PBXFileReference section */
		78BEE2F8CC90D8AFD40C85A6 /* Pods_cheongsam.framework */ = {isa = PBXFileReference; explicitFileType = wrapper.framework; includeInIndex = 0; path = Pods_cheongsam.framework; sourceTree = BUILT_PRODUCTS_DIR; };
		7ED0C5344910B5612295A1EC /* Pods-cheongsam.debug.xcconfig */ = {isa = PBXFileReference; includeInIndex = 1; lastKnownFileType = text.xcconfig; name = "Pods-cheongsam.debug.xcconfig"; path = "Pods/Target Support Files/Pods-cheongsam/Pods-cheongsam.debug.xcconfig"; sourceTree = "<group>"; };
		840BDC4F1D9A150400032EE2 /* CompanyViewController.h */ = {isa = PBXFileReference; fileEncoding = 4; lastKnownFileType = sourcecode.c.h; path = CompanyViewController.h; sourceTree = "<group>"; };
		840BDC501D9A150400032EE2 /* CompanyViewController.m */ = {isa = PBXFileReference; fileEncoding = 4; lastKnownFileType = sourcecode.c.objc; path = CompanyViewController.m; sourceTree = "<group>"; };
		840BDC551D9A1CC600032EE2 /* XTBaseModel.h */ = {isa = PBXFileReference; fileEncoding = 4; lastKnownFileType = sourcecode.c.h; path = XTBaseModel.h; sourceTree = "<group>"; };
		840BDC561D9A1CC600032EE2 /* XTBaseModel.m */ = {isa = PBXFileReference; fileEncoding = 4; lastKnownFileType = sourcecode.c.objc; path = XTBaseModel.m; sourceTree = "<group>"; };
		840BDC581D9A1CED00032EE2 /* CompanyVCModel.h */ = {isa = PBXFileReference; fileEncoding = 4; lastKnownFileType = sourcecode.c.h; path = CompanyVCModel.h; sourceTree = "<group>"; };
		840BDC591D9A1CED00032EE2 /* CompanyVCModel.m */ = {isa = PBXFileReference; fileEncoding = 4; lastKnownFileType = sourcecode.c.objc; path = CompanyVCModel.m; sourceTree = "<group>"; };
		844D1FEA1D88D77D0032AC4C /* Reveal.framework */ = {isa = PBXFileReference; lastKnownFileType = wrapper.framework; path = Reveal.framework; sourceTree = "<group>"; };
		844D1FEC1D88FE0D0032AC4C /* TopScrollImagesView.h */ = {isa = PBXFileReference; fileEncoding = 4; lastKnownFileType = sourcecode.c.h; path = TopScrollImagesView.h; sourceTree = "<group>"; };
		844D1FED1D88FE0D0032AC4C /* TopScrollImagesView.m */ = {isa = PBXFileReference; fileEncoding = 4; lastKnownFileType = sourcecode.c.objc; path = TopScrollImagesView.m; sourceTree = "<group>"; };
		844D20321D89022B0032AC4C /* MBProgressHUD.bundle */ = {isa = PBXFileReference; lastKnownFileType = "wrapper.plug-in"; path = MBProgressHUD.bundle; sourceTree = "<group>"; };
		844D20331D89022B0032AC4C /* MBProgressHUD+MJ.h */ = {isa = PBXFileReference; lastKnownFileType = sourcecode.c.h; path = "MBProgressHUD+MJ.h"; sourceTree = "<group>"; };
		844D20341D89022B0032AC4C /* MBProgressHUD+MJ.m */ = {isa = PBXFileReference; lastKnownFileType = sourcecode.c.objc; path = "MBProgressHUD+MJ.m"; sourceTree = "<group>"; };
		845937C01D98CEBE00C6E8C6 /* UIColor+extend.h */ = {isa = PBXFileReference; fileEncoding = 4; lastKnownFileType = sourcecode.c.h; path = "UIColor+extend.h"; sourceTree = "<group>"; };
		845937C11D98CEBE00C6E8C6 /* UIColor+extend.m */ = {isa = PBXFileReference; fileEncoding = 4; lastKnownFileType = sourcecode.c.objc; path = "UIColor+extend.m"; sourceTree = "<group>"; };
		845937C21D98CEBE00C6E8C6 /* UILabel+XTinit.h */ = {isa = PBXFileReference; fileEncoding = 4; lastKnownFileType = sourcecode.c.h; path = "UILabel+XTinit.h"; sourceTree = "<group>"; };
		845937C31D98CEBE00C6E8C6 /* UILabel+XTinit.m */ = {isa = PBXFileReference; fileEncoding = 4; lastKnownFileType = sourcecode.c.objc; path = "UILabel+XTinit.m"; sourceTree = "<group>"; };
		845937C41D98CEBE00C6E8C6 /* UIView+lineView.h */ = {isa = PBXFileReference; fileEncoding = 4; lastKnownFileType = sourcecode.c.h; path = "UIView+lineView.h"; sourceTree = "<group>"; };
		845937C51D98CEBE00C6E8C6 /* UIView+lineView.m */ = {isa = PBXFileReference; fileEncoding = 4; lastKnownFileType = sourcecode.c.objc; path = "UIView+lineView.m"; sourceTree = "<group>"; };
		845941DE1D98F6EE00C6E8C6 /* QiPaoTableViewViewController.h */ = {isa = PBXFileReference; fileEncoding = 4; lastKnownFileType = sourcecode.c.h; path = QiPaoTableViewViewController.h; sourceTree = "<group>"; };
		845941DF1D98F6EE00C6E8C6 /* QiPaoTableViewViewController.m */ = {isa = PBXFileReference; fileEncoding = 4; lastKnownFileType = sourcecode.c.objc; path = QiPaoTableViewViewController.m; sourceTree = "<group>"; };
		845941E11D98F7CF00C6E8C6 /* TableViewCell.h */ = {isa = PBXFileReference; fileEncoding = 4; lastKnownFileType = sourcecode.c.h; path = TableViewCell.h; sourceTree = "<group>"; };
		845941E21D98F7CF00C6E8C6 /* TableViewCell.m */ = {isa = PBXFileReference; fileEncoding = 4; lastKnownFileType = sourcecode.c.objc; path = TableViewCell.m; sourceTree = "<group>"; };
		845941E31D98F7CF00C6E8C6 /* TableViewCell.xib */ = {isa = PBXFileReference; fileEncoding = 4; lastKnownFileType = file.xib; path = TableViewCell.xib; sourceTree = "<group>"; };
		8461ECA81D98C03E002452DD /* BrandViewController.h */ = {isa = PBXFileReference; fileEncoding = 4; lastKnownFileType = sourcecode.c.h; path = BrandViewController.h; sourceTree = "<group>"; };
		8461ECA91D98C03E002452DD /* BrandViewController.m */ = {isa = PBXFileReference; fileEncoding = 4; lastKnownFileType = sourcecode.c.objc; path = BrandViewController.m; sourceTree = "<group>"; };
		8461ECAB1D98C180002452DD /* AllBrandViewController.h */ = {isa = PBXFileReference; fileEncoding = 4; lastKnownFileType = sourcecode.c.h; path = AllBrandViewController.h; sourceTree = "<group>"; };
		8461ECAC1D98C180002452DD /* AllBrandViewController.m */ = {isa = PBXFileReference; fileEncoding = 4; lastKnownFileType = sourcecode.c.objc; path = AllBrandViewController.m; sourceTree = "<group>"; };
		8461ECB21D98C3E3002452DD /* QiPaoHuiViewController.h */ = {isa = PBXFileReference; fileEncoding = 4; lastKnownFileType = sourcecode.c.h; path = QiPaoHuiViewController.h; sourceTree = "<group>"; };
		8461ECB31D98C3E3002452DD /* QiPaoHuiViewController.m */ = {isa = PBXFileReference; fileEncoding = 4; lastKnownFileType = sourcecode.c.objc; path = QiPaoHuiViewController.m; sourceTree = "<group>"; };
		846E70A71D990121009DC268 /* CLassiFyCollectionViewCell.h */ = {isa = PBXFileReference; fileEncoding = 4; lastKnownFileType = sourcecode.c.h; path = CLassiFyCollectionViewCell.h; sourceTree = "<group>"; };
		846E70A81D990121009DC268 /* CLassiFyCollectionViewCell.m */ = {isa = PBXFileReference; fileEncoding = 4; lastKnownFileType = sourcecode.c.objc; path = CLassiFyCollectionViewCell.m; sourceTree = "<group>"; };
		846E70A91D990121009DC268 /* CLassiFyCollectionViewCell.xib */ = {isa = PBXFileReference; fileEncoding = 4; lastKnownFileType = file.xib; path = CLassiFyCollectionViewCell.xib; sourceTree = "<group>"; };
		846E70AF1D99030A009DC268 /* ShopTableViewCell.h */ = {isa = PBXFileReference; fileEncoding = 4; lastKnownFileType = sourcecode.c.h; path = ShopTableViewCell.h; sourceTree = "<group>"; };
		846E70B01D99030A009DC268 /* ShopTableViewCell.m */ = {isa = PBXFileReference; fileEncoding = 4; lastKnownFileType = sourcecode.c.objc; path = ShopTableViewCell.m; sourceTree = "<group>"; };
		846E70B11D99030A009DC268 /* ShopTableViewCell.xib */ = {isa = PBXFileReference; fileEncoding = 4; lastKnownFileType = file.xib; path = ShopTableViewCell.xib; sourceTree = "<group>"; };
		846E70B41D990A44009DC268 /* FindCollectionViewCell.h */ = {isa = PBXFileReference; fileEncoding = 4; lastKnownFileType = sourcecode.c.h; path = FindCollectionViewCell.h; sourceTree = "<group>"; };
		846E70B51D990A44009DC268 /* FindCollectionViewCell.m */ = {isa = PBXFileReference; fileEncoding = 4; lastKnownFileType = sourcecode.c.objc; path = FindCollectionViewCell.m; sourceTree = "<group>"; };
		846E70B61D990A44009DC268 /* FindCollectionViewCell.xib */ = {isa = PBXFileReference; fileEncoding = 4; lastKnownFileType = file.xib; path = FindCollectionViewCell.xib; sourceTree = "<group>"; };
		846E70BE1D990DE4009DC268 /* OtherTableViewCell.h */ = {isa = PBXFileReference; fileEncoding = 4; lastKnownFileType = sourcecode.c.h; path = OtherTableViewCell.h; sourceTree = "<group>"; };
		846E70BF1D990DE4009DC268 /* OtherTableViewCell.m */ = {isa = PBXFileReference; fileEncoding = 4; lastKnownFileType = sourcecode.c.objc; path = OtherTableViewCell.m; sourceTree = "<group>"; };
		846E70C01D990DE4009DC268 /* OtherTableViewCell.xib */ = {isa = PBXFileReference; fileEncoding = 4; lastKnownFileType = file.xib; path = OtherTableViewCell.xib; sourceTree = "<group>"; };
		846E70C31D990FC0009DC268 /* TopTableViewCell.h */ = {isa = PBXFileReference; fileEncoding = 4; lastKnownFileType = sourcecode.c.h; path = TopTableViewCell.h; sourceTree = "<group>"; };
		846E70C41D990FC0009DC268 /* TopTableViewCell.m */ = {isa = PBXFileReference; fileEncoding = 4; lastKnownFileType = sourcecode.c.objc; path = TopTableViewCell.m; sourceTree = "<group>"; };
		846E70C51D990FC0009DC268 /* TopTableViewCell.xib */ = {isa = PBXFileReference; fileEncoding = 4; lastKnownFileType = file.xib; path = TopTableViewCell.xib; sourceTree = "<group>"; };
		8471B6A31D90C7AF00BD8662 /* ShowViewController.h */ = {isa = PBXFileReference; fileEncoding = 4; lastKnownFileType = sourcecode.c.h; path = ShowViewController.h; sourceTree = "<group>"; };
		8471B6A41D90C7AF00BD8662 /* ShowViewController.m */ = {isa = PBXFileReference; fileEncoding = 4; lastKnownFileType = sourcecode.c.objc; path = ShowViewController.m; sourceTree = "<group>"; };
		8471B6A91D90C9E400BD8662 /* AllViewController.h */ = {isa = PBXFileReference; fileEncoding = 4; lastKnownFileType = sourcecode.c.h; path = AllViewController.h; sourceTree = "<group>"; };
		8471B6AA1D90C9E400BD8662 /* AllViewController.m */ = {isa = PBXFileReference; fileEncoding = 4; lastKnownFileType = sourcecode.c.objc; path = AllViewController.m; sourceTree = "<group>"; };
		8471B6AC1D90CA8A00BD8662 /* ShowCollectionViewCell.h */ = {isa = PBXFileReference; fileEncoding = 4; lastKnownFileType = sourcecode.c.h; path = ShowCollectionViewCell.h; sourceTree = "<group>"; };
		8471B6AD1D90CA8A00BD8662 /* ShowCollectionViewCell.m */ = {isa = PBXFileReference; fileEncoding = 4; lastKnownFileType = sourcecode.c.objc; path = ShowCollectionViewCell.m; sourceTree = "<group>"; };
		8471B6AE1D90CA8A00BD8662 /* ShowCollectionViewCell.xib */ = {isa = PBXFileReference; fileEncoding = 4; lastKnownFileType = file.xib; path = ShowCollectionViewCell.xib; sourceTree = "<group>"; };
		8486495F1D89355F000FC933 /* OtherScrollImages.h */ = {isa = PBXFileReference; fileEncoding = 4; lastKnownFileType = sourcecode.c.h; path = OtherScrollImages.h; sourceTree = "<group>"; };
		848649891D89389E000FC933 /* OtherScrollImages.m */ = {isa = PBXFileReference; fileEncoding = 4; lastKnownFileType = sourcecode.c.objc; path = OtherScrollImages.m; sourceTree = "<group>"; };
		8486498B1D893C13000FC933 /* WYScrollView.h */ = {isa = PBXFileReference; fileEncoding = 4; lastKnownFileType = sourcecode.c.h; path = WYScrollView.h; sourceTree = "<group>"; };
		8486498C1D893C13000FC933 /* WYScrollView.m */ = {isa = PBXFileReference; fileEncoding = 4; lastKnownFileType = sourcecode.c.objc; path = WYScrollView.m; sourceTree = "<group>"; };
		8486498E1D893F97000FC933 /* lastScrollImages.h */ = {isa = PBXFileReference; fileEncoding = 4; lastKnownFileType = sourcecode.c.h; path = lastScrollImages.h; sourceTree = "<group>"; };
		8486498F1D893F97000FC933 /* lastScrollImages.m */ = {isa = PBXFileReference; fileEncoding = 4; lastKnownFileType = sourcecode.c.objc; path = lastScrollImages.m; sourceTree = "<group>"; };
		848649911D8940CC000FC933 /* HomeCollectionViewCell.h */ = {isa = PBXFileReference; fileEncoding = 4; lastKnownFileType = sourcecode.c.h; path = HomeCollectionViewCell.h; sourceTree = "<group>"; };
		848649921D8940CC000FC933 /* HomeCollectionViewCell.m */ = {isa = PBXFileReference; fileEncoding = 4; lastKnownFileType = sourcecode.c.objc; path = HomeCollectionViewCell.m; sourceTree = "<group>"; };
		848649931D8940CC000FC933 /* HomeCollectionViewCell.xib */ = {isa = PBXFileReference; fileEncoding = 4; lastKnownFileType = file.xib; path = HomeCollectionViewCell.xib; sourceTree = "<group>"; };
		84B1FD981D87EA2E00E6CC0D /* cheongsam.app */ = {isa = PBXFileReference; explicitFileType = wrapper.application; includeInIndex = 0; path = cheongsam.app; sourceTree = BUILT_PRODUCTS_DIR; };
		84B1FD9C1D87EA2F00E6CC0D /* main.m */ = {isa = PBXFileReference; lastKnownFileType = sourcecode.c.objc; path = main.m; sourceTree = "<group>"; };
		84B1FD9E1D87EA2F00E6CC0D /* AppDelegate.h */ = {isa = PBXFileReference; lastKnownFileType = sourcecode.c.h; path = AppDelegate.h; sourceTree = "<group>"; };
		84B1FD9F1D87EA2F00E6CC0D /* AppDelegate.m */ = {isa = PBXFileReference; lastKnownFileType = sourcecode.c.objc; path = AppDelegate.m; sourceTree = "<group>"; };
		84B1FDA11D87EA2F00E6CC0D /* ViewController.h */ = {isa = PBXFileReference; lastKnownFileType = sourcecode.c.h; path = ViewController.h; sourceTree = "<group>"; };
		84B1FDA21D87EA2F00E6CC0D /* ViewController.m */ = {isa = PBXFileReference; lastKnownFileType = sourcecode.c.objc; path = ViewController.m; sourceTree = "<group>"; };
		84B1FDA51D87EA2F00E6CC0D /* Base */ = {isa = PBXFileReference; lastKnownFileType = file.storyboard; name = Base; path = Base.lproj/Main.storyboard; sourceTree = "<group>"; };
		84B1FDA71D87EA2F00E6CC0D /* Assets.xcassets */ = {isa = PBXFileReference; lastKnownFileType = folder.assetcatalog; path = Assets.xcassets; sourceTree = "<group>"; };
		84B1FDAA1D87EA2F00E6CC0D /* Base */ = {isa = PBXFileReference; lastKnownFileType = file.storyboard; name = Base; path = Base.lproj/LaunchScreen.storyboard; sourceTree = "<group>"; };
		84B1FDAC1D87EA2F00E6CC0D /* Info.plist */ = {isa = PBXFileReference; lastKnownFileType = text.plist.xml; path = Info.plist; sourceTree = "<group>"; };
		84B1FDC01D87EBCB00E6CC0D /* UIImage+Image.h */ = {isa = PBXFileReference; fileEncoding = 4; lastKnownFileType = sourcecode.c.h; path = "UIImage+Image.h"; sourceTree = "<group>"; };
		84B1FDC11D87EBCB00E6CC0D /* UIImage+Image.m */ = {isa = PBXFileReference; fileEncoding = 4; lastKnownFileType = sourcecode.c.objc; path = "UIImage+Image.m"; sourceTree = "<group>"; };
		84B1FDC21D87EBCB00E6CC0D /* UIView+LBExtension.h */ = {isa = PBXFileReference; fileEncoding = 4; lastKnownFileType = sourcecode.c.h; path = "UIView+LBExtension.h"; sourceTree = "<group>"; };
		84B1FDC31D87EBCB00E6CC0D /* UIView+LBExtension.m */ = {isa = PBXFileReference; fileEncoding = 4; lastKnownFileType = sourcecode.c.objc; path = "UIView+LBExtension.m"; sourceTree = "<group>"; };
		84B1FDC51D87EBCB00E6CC0D /* LBNavigationController.h */ = {isa = PBXFileReference; fileEncoding = 4; lastKnownFileType = sourcecode.c.h; path = LBNavigationController.h; sourceTree = "<group>"; };
		84B1FDC61D87EBCB00E6CC0D /* LBNavigationController.m */ = {isa = PBXFileReference; fileEncoding = 4; lastKnownFileType = sourcecode.c.objc; path = LBNavigationController.m; sourceTree = "<group>"; };
		84B1FDC71D87EBCB00E6CC0D /* LBTabBarController.h */ = {isa = PBXFileReference; fileEncoding = 4; lastKnownFileType = sourcecode.c.h; path = LBTabBarController.h; sourceTree = "<group>"; };
		84B1FDC81D87EBCB00E6CC0D /* LBTabBarController.m */ = {isa = PBXFileReference; fileEncoding = 4; lastKnownFileType = sourcecode.c.objc; path = LBTabBarController.m; sourceTree = "<group>"; };
		84B1FDCA1D87EBCB00E6CC0D /* LBTabBar.h */ = {isa = PBXFileReference; fileEncoding = 4; lastKnownFileType = sourcecode.c.h; path = LBTabBar.h; sourceTree = "<group>"; };
		84B1FDCB1D87EBCB00E6CC0D /* LBTabBar.m */ = {isa = PBXFileReference; fileEncoding = 4; lastKnownFileType = sourcecode.c.objc; path = LBTabBar.m; sourceTree = "<group>"; };
		84B1FDD21D87EC3E00E6CC0D /* PrefixHeader.pch */ = {isa = PBXFileReference; fileEncoding = 4; lastKnownFileType = sourcecode.c.h; name = PrefixHeader.pch; path = ../PrefixHeader.pch; sourceTree = "<group>"; };
		84B1FDD31D87F9E100E6CC0D /* HomeViewController.h */ = {isa = PBXFileReference; fileEncoding = 4; lastKnownFileType = sourcecode.c.h; path = HomeViewController.h; sourceTree = "<group>"; };
		84B1FDD41D87F9E100E6CC0D /* HomeViewController.m */ = {isa = PBXFileReference; fileEncoding = 4; lastKnownFileType = sourcecode.c.objc; path = HomeViewController.m; sourceTree = "<group>"; };
		84B1FDE51D87FA4800E6CC0D /* ClassifyViewController.h */ = {isa = PBXFileReference; fileEncoding = 4; lastKnownFileType = sourcecode.c.h; path = ClassifyViewController.h; sourceTree = "<group>"; };
		84B1FDE61D87FA4800E6CC0D /* ClassifyViewController.m */ = {isa = PBXFileReference; fileEncoding = 4; lastKnownFileType = sourcecode.c.objc; path = ClassifyViewController.m; sourceTree = "<group>"; };
		84B1FDE71D87FA4800E6CC0D /* ClassifyViewController.xib */ = {isa = PBXFileReference; fileEncoding = 4; lastKnownFileType = file.xib; path = ClassifyViewController.xib; sourceTree = "<group>"; };
		84B1FDEB1D87FA7000E6CC0D /* ShopViewController.h */ = {isa = PBXFileReference; fileEncoding = 4; lastKnownFileType = sourcecode.c.h; path = ShopViewController.h; sourceTree = "<group>"; };
		84B1FDEC1D87FA7000E6CC0D /* ShopViewController.m */ = {isa = PBXFileReference; fileEncoding = 4; lastKnownFileType = sourcecode.c.objc; path = ShopViewController.m; sourceTree = "<group>"; };
		84B1FDED1D87FA7000E6CC0D /* ShopViewController.xib */ = {isa = PBXFileReference; fileEncoding = 4; lastKnownFileType = file.xib; path = ShopViewController.xib; sourceTree = "<group>"; };
		84B1FDF01D87FA8900E6CC0D /* FindViewController.h */ = {isa = PBXFileReference; fileEncoding = 4; lastKnownFileType = sourcecode.c.h; path = FindViewController.h; sourceTree = "<group>"; };
		84B1FDF11D87FA8900E6CC0D /* FindViewController.m */ = {isa = PBXFileReference; fileEncoding = 4; lastKnownFileType = sourcecode.c.objc; path = FindViewController.m; sourceTree = "<group>"; };
		84B1FDF21D87FA8900E6CC0D /* FindViewController.xib */ = {isa = PBXFileReference; fileEncoding = 4; lastKnownFileType = file.xib; path = FindViewController.xib; sourceTree = "<group>"; };
		84B1FDF51D87FA9600E6CC0D /* VipViewController.h */ = {isa = PBXFileReference; fileEncoding = 4; lastKnownFileType = sourcecode.c.h; path = VipViewController.h; sourceTree = "<group>"; };
		84B1FDF61D87FA9600E6CC0D /* VipViewController.m */ = {isa = PBXFileReference; fileEncoding = 4; lastKnownFileType = sourcecode.c.objc; path = VipViewController.m; sourceTree = "<group>"; };
		84B2EACC1D8E3982006B8805 /* ChinaQPTableViewController.h */ = {isa = PBXFileReference; fileEncoding = 4; lastKnownFileType = sourcecode.c.h; path = ChinaQPTableViewController.h; sourceTree = "<group>"; };
		84B2EACD1D8E3982006B8805 /* ChinaQPTableViewController.m */ = {isa = PBXFileReference; fileEncoding = 4; lastKnownFileType = sourcecode.c.objc; path = ChinaQPTableViewController.m; sourceTree = "<group>"; };
		84B2EACF1D8E39E9006B8805 /* ChinaQpTableViewCell.h */ = {isa = PBXFileReference; fileEncoding = 4; lastKnownFileType = sourcecode.c.h; path = ChinaQpTableViewCell.h; sourceTree = "<group>"; };
		84B2EAD01D8E39E9006B8805 /* ChinaQpTableViewCell.m */ = {isa = PBXFileReference; fileEncoding = 4; lastKnownFileType = sourcecode.c.objc; path = ChinaQpTableViewCell.m; sourceTree = "<group>"; };
		84B2EAD11D8E39E9006B8805 /* ChinaQpTableViewCell.xib */ = {isa = PBXFileReference; fileEncoding = 4; lastKnownFileType = file.xib; path = ChinaQpTableViewCell.xib; sourceTree = "<group>"; };
		84F1022B1D89280B00788DD7 /* FourBtns.h */ = {isa = PBXFileReference; fileEncoding = 4; lastKnownFileType = sourcecode.c.h; path = FourBtns.h; sourceTree = "<group>"; };
		84F1022C1D89280B00788DD7 /* FourBtns.m */ = {isa = PBXFileReference; fileEncoding = 4; lastKnownFileType = sourcecode.c.objc; path = FourBtns.m; sourceTree = "<group>"; };
		B9215C7F220097F2C85D392C /* Pods-cheongsam.release.xcconfig */ = {isa = PBXFileReference; includeInIndex = 1; lastKnownFileType = text.xcconfig; name = "Pods-cheongsam.release.xcconfig"; path = "Pods/Target Support Files/Pods-cheongsam/Pods-cheongsam.release.xcconfig"; sourceTree = "<group>"; };
/* End PBXFileReference section */

/* Begin PBXFrameworksBuildPhase section */
		84B1FD951D87EA2E00E6CC0D /* Frameworks */ = {
			isa = PBXFrameworksBuildPhase;
			buildActionMask = 2147483647;
			files = (
				DF1145909F23B3C12847D775 /* Pods_cheongsam.framework in Frameworks */,
			);
			runOnlyForDeploymentPostprocessing = 0;
		};
/* End PBXFrameworksBuildPhase section */

/* Begin PBXGroup section */
		840BDC491D9A13A500032EE2 /* 商家 */ = {
			isa = PBXGroup;
			children = (
				840BDC4E1D9A13DD00032EE2 /* M */,
				840BDC4D1D9A13DC00032EE2 /* V */,
				840BDC4C1D9A13DA00032EE2 /* C */,
			);
			name = "商家";
			sourceTree = "<group>";
		};
		840BDC4A1D9A13B500032EE2 /* 商品分类 */ = {
			isa = PBXGroup;
			children = (
			);
			name = "商品分类";
			sourceTree = "<group>";
		};
		840BDC4B1D9A13C700032EE2 /* 购买页面 */ = {
			isa = PBXGroup;
			children = (
			);
			name = "购买页面";
			sourceTree = "<group>";
		};
		840BDC4C1D9A13DA00032EE2 /* C */ = {
			isa = PBXGroup;
			children = (
				840BDC4F1D9A150400032EE2 /* CompanyViewController.h */,
				840BDC501D9A150400032EE2 /* CompanyViewController.m */,
			);
			name = C;
			sourceTree = "<group>";
		};
		840BDC4D1D9A13DC00032EE2 /* V */ = {
			isa = PBXGroup;
			children = (
			);
			name = V;
			sourceTree = "<group>";
		};
		840BDC4E1D9A13DD00032EE2 /* M */ = {
			isa = PBXGroup;
			children = (
				840BDC581D9A1CED00032EE2 /* CompanyVCModel.h */,
				840BDC591D9A1CED00032EE2 /* CompanyVCModel.m */,
			);
			name = M;
			sourceTree = "<group>";
		};
		840BDC541D9A1CB000032EE2 /* Base */ = {
			isa = PBXGroup;
			children = (
				840BDC551D9A1CC600032EE2 /* XTBaseModel.h */,
				840BDC561D9A1CC600032EE2 /* XTBaseModel.m */,
			);
			name = Base;
			sourceTree = "<group>";
		};
		8461ECA51D98BFDB002452DD /* C */ = {
			isa = PBXGroup;
			children = (
				8461ECA81D98C03E002452DD /* BrandViewController.h */,
				8461ECA91D98C03E002452DD /* BrandViewController.m */,
				8461ECAB1D98C180002452DD /* AllBrandViewController.h */,
				8461ECAC1D98C180002452DD /* AllBrandViewController.m */,
			);
			name = C;
			sourceTree = "<group>";
		};
		8461ECA61D98BFDD002452DD /* V */ = {
			isa = PBXGroup;
			children = (
			);
			name = V;
			sourceTree = "<group>";
		};
		8461ECA71D98BFDE002452DD /* M */ = {
			isa = PBXGroup;
			children = (
			);
			name = M;
			sourceTree = "<group>";
		};
		8461ECAE1D98C3AC002452DD /* C */ = {
			isa = PBXGroup;
			children = (
				8461ECB21D98C3E3002452DD /* QiPaoHuiViewController.h */,
				8461ECB31D98C3E3002452DD /* QiPaoHuiViewController.m */,
				845941DE1D98F6EE00C6E8C6 /* QiPaoTableViewViewController.h */,
				845941DF1D98F6EE00C6E8C6 /* QiPaoTableViewViewController.m */,
			);
			name = C;
			sourceTree = "<group>";
		};
		8461ECAF1D98C3AD002452DD /* V */ = {
			isa = PBXGroup;
			children = (
				845941E11D98F7CF00C6E8C6 /* TableViewCell.h */,
				845941E21D98F7CF00C6E8C6 /* TableViewCell.m */,
				845941E31D98F7CF00C6E8C6 /* TableViewCell.xib */,
			);
			name = V;
			sourceTree = "<group>";
		};
		8461ECB01D98C3AE002452DD /* M */ = {
			isa = PBXGroup;
			children = (
			);
			name = M;
			sourceTree = "<group>";
		};
		8471B6A61D90C9B900BD8662 /* C */ = {
			isa = PBXGroup;
			children = (
				8471B6A31D90C7AF00BD8662 /* ShowViewController.h */,
				8471B6A41D90C7AF00BD8662 /* ShowViewController.m */,
				8471B6A91D90C9E400BD8662 /* AllViewController.h */,
				8471B6AA1D90C9E400BD8662 /* AllViewController.m */,
			);
			name = C;
			sourceTree = "<group>";
		};
		8471B6A71D90C9BA00BD8662 /* V */ = {
			isa = PBXGroup;
			children = (
			);
			name = V;
			sourceTree = "<group>";
		};
		8471B6A81D90C9BB00BD8662 /* M */ = {
			isa = PBXGroup;
			children = (
				8471B6AC1D90CA8A00BD8662 /* ShowCollectionViewCell.h */,
				8471B6AD1D90CA8A00BD8662 /* ShowCollectionViewCell.m */,
				8471B6AE1D90CA8A00BD8662 /* ShowCollectionViewCell.xib */,
			);
			name = M;
			sourceTree = "<group>";
		};
		84B1FD8F1D87EA2E00E6CC0D = {
			isa = PBXGroup;
			children = (
				84B1FD9A1D87EA2F00E6CC0D /* cheongsam */,
				84B1FD991D87EA2E00E6CC0D /* Products */,
				B7022FAEEE804226F9B32DFB /* Pods */,
				F1F3CCE08D96AA03286846B8 /* Frameworks */,
			);
			sourceTree = "<group>";
		};
		84B1FD991D87EA2E00E6CC0D /* Products */ = {
			isa = PBXGroup;
			children = (
				84B1FD981D87EA2E00E6CC0D /* cheongsam.app */,
			);
			name = Products;
			sourceTree = "<group>";
		};
		84B1FD9A1D87EA2F00E6CC0D /* cheongsam */ = {
			isa = PBXGroup;
			children = (
				840BDC541D9A1CB000032EE2 /* Base */,
				840BDC4B1D9A13C700032EE2 /* 购买页面 */,
				840BDC4A1D9A13B500032EE2 /* 商品分类 */,
				840BDC491D9A13A500032EE2 /* 商家 */,
				84B1FDBE1D87EBB400E6CC0D /* Main */,
				84B1FDB91D87EB2300E6CC0D /* 首页 */,
				84B1FDB81D87EB2200E6CC0D /* 分类 */,
				84B1FDB71D87EB2100E6CC0D /* 商铺 */,
				84B1FDB61D87EB2000E6CC0D /* 发现 */,
				84B1FDB51D87EB1E00E6CC0D /* 会员 */,
				84B1FDBA1D87EB4C00E6CC0D /* other */,
			);
			path = cheongsam;
			sourceTree = "<group>";
		};
		84B1FD9B1D87EA2F00E6CC0D /* Supporting Files */ = {
			isa = PBXGroup;
			children = (
				84B1FD9C1D87EA2F00E6CC0D /* main.m */,
			);
			name = "Supporting Files";
			sourceTree = "<group>";
		};
		84B1FDB51D87EB1E00E6CC0D /* 会员 */ = {
			isa = PBXGroup;
			children = (
				84B1FDE31D87FA0B00E6CC0D /* M */,
				84B1FDE21D87FA0A00E6CC0D /* V */,
				84B1FDE11D87FA0700E6CC0D /* C */,
			);
			name = "会员";
			sourceTree = "<group>";
		};
		84B1FDB61D87EB2000E6CC0D /* 发现 */ = {
			isa = PBXGroup;
			children = (
				84B1FDE01D87FA0000E6CC0D /* M */,
				84B1FDDF1D87F9FF00E6CC0D /* V */,
				84B1FDDE1D87F9FE00E6CC0D /* C */,
			);
			name = "发现";
			sourceTree = "<group>";
		};
		84B1FDB71D87EB2100E6CC0D /* 商铺 */ = {
			isa = PBXGroup;
			children = (
				84B1FDDD1D87F9F700E6CC0D /* M */,
				84B1FDDC1D87F9F600E6CC0D /* V */,
				84B1FDDB1D87F9F400E6CC0D /* C */,
			);
			name = "商铺";
			sourceTree = "<group>";
		};
		84B1FDB81D87EB2200E6CC0D /* 分类 */ = {
			isa = PBXGroup;
			children = (
				84B1FDDA1D87F9EB00E6CC0D /* M */,
				84B1FDD91D87F9E900E6CC0D /* V */,
				84B1FDD81D87F9E800E6CC0D /* C */,
			);
			name = "分类";
			sourceTree = "<group>";
		};
		84B1FDB91D87EB2300E6CC0D /* 首页 */ = {
			isa = PBXGroup;
			children = (
				84B2EAC41D8E38FA006B8805 /* 旗袍会 */,
				84B2EAC31D8E38F8006B8805 /* 品牌馆 */,
				84B2EAC21D8E38F7006B8805 /* 秀场 */,
				84B2EAC11D8E38F5006B8805 /* 中国旗袍 */,
				84B1FDBD1D87EB8100E6CC0D /* M */,
				84B1FDBC1D87EB8000E6CC0D /* V */,
				84B1FDBB1D87EB7E00E6CC0D /* C */,
			);
			name = "首页";
			sourceTree = "<group>";
		};
		84B1FDBA1D87EB4C00E6CC0D /* other */ = {
			isa = PBXGroup;
			children = (
				845937C01D98CEBE00C6E8C6 /* UIColor+extend.h */,
				845937C11D98CEBE00C6E8C6 /* UIColor+extend.m */,
				845937C21D98CEBE00C6E8C6 /* UILabel+XTinit.h */,
				845937C31D98CEBE00C6E8C6 /* UILabel+XTinit.m */,
				845937C41D98CEBE00C6E8C6 /* UIView+lineView.h */,
				845937C51D98CEBE00C6E8C6 /* UIView+lineView.m */,
				8486498B1D893C13000FC933 /* WYScrollView.h */,
				8486498C1D893C13000FC933 /* WYScrollView.m */,
				844D20321D89022B0032AC4C /* MBProgressHUD.bundle */,
				844D20331D89022B0032AC4C /* MBProgressHUD+MJ.h */,
				844D20341D89022B0032AC4C /* MBProgressHUD+MJ.m */,
				844D1FEA1D88D77D0032AC4C /* Reveal.framework */,
				84B1FDD21D87EC3E00E6CC0D /* PrefixHeader.pch */,
				84B1FD9E1D87EA2F00E6CC0D /* AppDelegate.h */,
				84B1FD9F1D87EA2F00E6CC0D /* AppDelegate.m */,
				84B1FDA11D87EA2F00E6CC0D /* ViewController.h */,
				84B1FDA21D87EA2F00E6CC0D /* ViewController.m */,
				84B1FDA41D87EA2F00E6CC0D /* Main.storyboard */,
				84B1FDA71D87EA2F00E6CC0D /* Assets.xcassets */,
				84B1FDA91D87EA2F00E6CC0D /* LaunchScreen.storyboard */,
				84B1FDAC1D87EA2F00E6CC0D /* Info.plist */,
				84B1FD9B1D87EA2F00E6CC0D /* Supporting Files */,
			);
			name = other;
			sourceTree = "<group>";
		};
		84B1FDBB1D87EB7E00E6CC0D /* C */ = {
			isa = PBXGroup;
			children = (
				84B1FDD31D87F9E100E6CC0D /* HomeViewController.h */,
				84B1FDD41D87F9E100E6CC0D /* HomeViewController.m */,
			);
			name = C;
			sourceTree = "<group>";
		};
		84B1FDBC1D87EB8000E6CC0D /* V */ = {
			isa = PBXGroup;
			children = (
				844D1FEC1D88FE0D0032AC4C /* TopScrollImagesView.h */,
				844D1FED1D88FE0D0032AC4C /* TopScrollImagesView.m */,
				84F1022B1D89280B00788DD7 /* FourBtns.h */,
				84F1022C1D89280B00788DD7 /* FourBtns.m */,
				8486495F1D89355F000FC933 /* OtherScrollImages.h */,
				848649891D89389E000FC933 /* OtherScrollImages.m */,
				8486498E1D893F97000FC933 /* lastScrollImages.h */,
				8486498F1D893F97000FC933 /* lastScrollImages.m */,
				848649911D8940CC000FC933 /* HomeCollectionViewCell.h */,
				848649921D8940CC000FC933 /* HomeCollectionViewCell.m */,
				848649931D8940CC000FC933 /* HomeCollectionViewCell.xib */,
			);
			name = V;
			sourceTree = "<group>";
		};
		84B1FDBD1D87EB8100E6CC0D /* M */ = {
			isa = PBXGroup;
			children = (
			);
			name = M;
			sourceTree = "<group>";
		};
		84B1FDBE1D87EBB400E6CC0D /* Main */ = {
			isa = PBXGroup;
			children = (
				84B1FDBF1D87EBCB00E6CC0D /* Category */,
				84B1FDC41D87EBCB00E6CC0D /* Controller */,
				84B1FDC91D87EBCB00E6CC0D /* View */,
			);
			name = Main;
			sourceTree = "<group>";
		};
		84B1FDBF1D87EBCB00E6CC0D /* Category */ = {
			isa = PBXGroup;
			children = (
				84B1FDC01D87EBCB00E6CC0D /* UIImage+Image.h */,
				84B1FDC11D87EBCB00E6CC0D /* UIImage+Image.m */,
				84B1FDC21D87EBCB00E6CC0D /* UIView+LBExtension.h */,
				84B1FDC31D87EBCB00E6CC0D /* UIView+LBExtension.m */,
			);
			path = Category;
			sourceTree = "<group>";
		};
		84B1FDC41D87EBCB00E6CC0D /* Controller */ = {
			isa = PBXGroup;
			children = (
				84B1FDC51D87EBCB00E6CC0D /* LBNavigationController.h */,
				84B1FDC61D87EBCB00E6CC0D /* LBNavigationController.m */,
				84B1FDC71D87EBCB00E6CC0D /* LBTabBarController.h */,
				84B1FDC81D87EBCB00E6CC0D /* LBTabBarController.m */,
			);
			path = Controller;
			sourceTree = "<group>";
		};
		84B1FDC91D87EBCB00E6CC0D /* View */ = {
			isa = PBXGroup;
			children = (
				84B1FDCA1D87EBCB00E6CC0D /* LBTabBar.h */,
				84B1FDCB1D87EBCB00E6CC0D /* LBTabBar.m */,
			);
			path = View;
			sourceTree = "<group>";
		};
		84B1FDD81D87F9E800E6CC0D /* C */ = {
			isa = PBXGroup;
			children = (
				84B1FDE51D87FA4800E6CC0D /* ClassifyViewController.h */,
				84B1FDE61D87FA4800E6CC0D /* ClassifyViewController.m */,
				84B1FDE71D87FA4800E6CC0D /* ClassifyViewController.xib */,
			);
			name = C;
			sourceTree = "<group>";
		};
		84B1FDD91D87F9E900E6CC0D /* V */ = {
			isa = PBXGroup;
			children = (
				846E70A71D990121009DC268 /* CLassiFyCollectionViewCell.h */,
				846E70A81D990121009DC268 /* CLassiFyCollectionViewCell.m */,
				846E70A91D990121009DC268 /* CLassiFyCollectionViewCell.xib */,
			);
			name = V;
			sourceTree = "<group>";
		};
		84B1FDDA1D87F9EB00E6CC0D /* M */ = {
			isa = PBXGroup;
			children = (
			);
			name = M;
			sourceTree = "<group>";
		};
		84B1FDDB1D87F9F400E6CC0D /* C */ = {
			isa = PBXGroup;
			children = (
				84B1FDEB1D87FA7000E6CC0D /* ShopViewController.h */,
				84B1FDEC1D87FA7000E6CC0D /* ShopViewController.m */,
				84B1FDED1D87FA7000E6CC0D /* ShopViewController.xib */,
			);
			name = C;
			sourceTree = "<group>";
		};
		84B1FDDC1D87F9F600E6CC0D /* V */ = {
			isa = PBXGroup;
			children = (
				846E70AF1D99030A009DC268 /* ShopTableViewCell.h */,
				846E70B01D99030A009DC268 /* ShopTableViewCell.m */,
				846E70B11D99030A009DC268 /* ShopTableViewCell.xib */,
			);
			name = V;
			sourceTree = "<group>";
		};
		84B1FDDD1D87F9F700E6CC0D /* M */ = {
			isa = PBXGroup;
			children = (
			);
			name = M;
			sourceTree = "<group>";
		};
		84B1FDDE1D87F9FE00E6CC0D /* C */ = {
			isa = PBXGroup;
			children = (
				84B1FDF01D87FA8900E6CC0D /* FindViewController.h */,
				84B1FDF11D87FA8900E6CC0D /* FindViewController.m */,
				84B1FDF21D87FA8900E6CC0D /* FindViewController.xib */,
			);
			name = C;
			sourceTree = "<group>";
		};
		84B1FDDF1D87F9FF00E6CC0D /* V */ = {
			isa = PBXGroup;
			children = (
				846E70B41D990A44009DC268 /* FindCollectionViewCell.h */,
				846E70B51D990A44009DC268 /* FindCollectionViewCell.m */,
				846E70B61D990A44009DC268 /* FindCollectionViewCell.xib */,
			);
			name = V;
			sourceTree = "<group>";
		};
		84B1FDE01D87FA0000E6CC0D /* M */ = {
			isa = PBXGroup;
			children = (
			);
			name = M;
			sourceTree = "<group>";
		};
		84B1FDE11D87FA0700E6CC0D /* C */ = {
			isa = PBXGroup;
			children = (
				84B1FDF51D87FA9600E6CC0D /* VipViewController.h */,
				84B1FDF61D87FA9600E6CC0D /* VipViewController.m */,
			);
			name = C;
			sourceTree = "<group>";
		};
		84B1FDE21D87FA0A00E6CC0D /* V */ = {
			isa = PBXGroup;
			children = (
				846E70BE1D990DE4009DC268 /* OtherTableViewCell.h */,
				846E70BF1D990DE4009DC268 /* OtherTableViewCell.m */,
				846E70C01D990DE4009DC268 /* OtherTableViewCell.xib */,
				846E70C31D990FC0009DC268 /* TopTableViewCell.h */,
				846E70C41D990FC0009DC268 /* TopTableViewCell.m */,
				846E70C51D990FC0009DC268 /* TopTableViewCell.xib */,
			);
			name = V;
			sourceTree = "<group>";
		};
		84B1FDE31D87FA0B00E6CC0D /* M */ = {
			isa = PBXGroup;
			children = (
			);
			name = M;
			sourceTree = "<group>";
		};
		84B2EAC11D8E38F5006B8805 /* 中国旗袍 */ = {
			isa = PBXGroup;
			children = (
				84B2EACB1D8E3967006B8805 /* C */,
				84B2EAC71D8E3914006B8805 /* M */,
				84B2EAC61D8E3912006B8805 /* V */,
			);
			name = "中国旗袍";
			sourceTree = "<group>";
		};
		84B2EAC21D8E38F7006B8805 /* 秀场 */ = {
			isa = PBXGroup;
			children = (
				8471B6A81D90C9BB00BD8662 /* M */,
				8471B6A71D90C9BA00BD8662 /* V */,
				8471B6A61D90C9B900BD8662 /* C */,
			);
			name = "秀场";
			sourceTree = "<group>";
		};
		84B2EAC31D8E38F8006B8805 /* 品牌馆 */ = {
			isa = PBXGroup;
			children = (
				8461ECA71D98BFDE002452DD /* M */,
				8461ECA61D98BFDD002452DD /* V */,
				8461ECA51D98BFDB002452DD /* C */,
			);
			name = "品牌馆";
			sourceTree = "<group>";
		};
		84B2EAC41D8E38FA006B8805 /* 旗袍会 */ = {
			isa = PBXGroup;
			children = (
				8461ECB01D98C3AE002452DD /* M */,
				8461ECAF1D98C3AD002452DD /* V */,
				8461ECAE1D98C3AC002452DD /* C */,
			);
			name = "旗袍会";
			sourceTree = "<group>";
		};
		84B2EAC61D8E3912006B8805 /* V */ = {
			isa = PBXGroup;
			children = (
				84B2EACF1D8E39E9006B8805 /* ChinaQpTableViewCell.h */,
				84B2EAD01D8E39E9006B8805 /* ChinaQpTableViewCell.m */,
				84B2EAD11D8E39E9006B8805 /* ChinaQpTableViewCell.xib */,
			);
			name = V;
			sourceTree = "<group>";
		};
		84B2EAC71D8E3914006B8805 /* M */ = {
			isa = PBXGroup;
			children = (
			);
			name = M;
			sourceTree = "<group>";
		};
		84B2EACB1D8E3967006B8805 /* C */ = {
			isa = PBXGroup;
			children = (
				84B2EACC1D8E3982006B8805 /* ChinaQPTableViewController.h */,
				84B2EACD1D8E3982006B8805 /* ChinaQPTableViewController.m */,
			);
			name = C;
			sourceTree = "<group>";
		};
		B7022FAEEE804226F9B32DFB /* Pods */ = {
			isa = PBXGroup;
			children = (
				7ED0C5344910B5612295A1EC /* Pods-cheongsam.debug.xcconfig */,
				B9215C7F220097F2C85D392C /* Pods-cheongsam.release.xcconfig */,
			);
			name = Pods;
			sourceTree = "<group>";
		};
		F1F3CCE08D96AA03286846B8 /* Frameworks */ = {
			isa = PBXGroup;
			children = (
				78BEE2F8CC90D8AFD40C85A6 /* Pods_cheongsam.framework */,
			);
			name = Frameworks;
			sourceTree = "<group>";
		};
/* End PBXGroup section */

/* Begin PBXNativeTarget section */
		84B1FD971D87EA2E00E6CC0D /* cheongsam */ = {
			isa = PBXNativeTarget;
			buildConfigurationList = 84B1FDAF1D87EA2F00E6CC0D /* Build configuration list for PBXNativeTarget "cheongsam" */;
			buildPhases = (
				DA258C5100F6BF2347E084A1 /* [CP] Check Pods Manifest.lock */,
				84B1FD941D87EA2E00E6CC0D /* Sources */,
				84B1FD951D87EA2E00E6CC0D /* Frameworks */,
				84B1FD961D87EA2E00E6CC0D /* Resources */,
				A5FA01248418CC0F6330C014 /* [CP] Embed Pods Frameworks */,
				240CD6DB0A660EC706601865 /* [CP] Copy Pods Resources */,
			);
			buildRules = (
			);
			dependencies = (
			);
			name = cheongsam;
			productName = cheongsam;
			productReference = 84B1FD981D87EA2E00E6CC0D /* cheongsam.app */;
			productType = "com.apple.product-type.application";
		};
/* End PBXNativeTarget section */

/* Begin PBXProject section */
		84B1FD901D87EA2E00E6CC0D /* Project object */ = {
			isa = PBXProject;
			attributes = {
				LastUpgradeCheck = 0730;
				ORGANIZATIONNAME = Admin;
				TargetAttributes = {
					84B1FD971D87EA2E00E6CC0D = {
						CreatedOnToolsVersion = 7.3.1;
						DevelopmentTeam = VK6VB86T3H;
					};
				};
			};
			buildConfigurationList = 84B1FD931D87EA2E00E6CC0D /* Build configuration list for PBXProject "cheongsam" */;
			compatibilityVersion = "Xcode 3.2";
			developmentRegion = English;
			hasScannedForEncodings = 0;
			knownRegions = (
				en,
				Base,
				"zh-Hans",
			);
			mainGroup = 84B1FD8F1D87EA2E00E6CC0D;
			productRefGroup = 84B1FD991D87EA2E00E6CC0D /* Products */;
			projectDirPath = "";
			projectRoot = "";
			targets = (
				84B1FD971D87EA2E00E6CC0D /* cheongsam */,
			);
		};
/* End PBXProject section */

/* Begin PBXResourcesBuildPhase section */
		84B1FD961D87EA2E00E6CC0D /* Resources */ = {
			isa = PBXResourcesBuildPhase;
			buildActionMask = 2147483647;
			files = (
				846E70AB1D990121009DC268 /* CLassiFyCollectionViewCell.xib in Resources */,
				846E70B81D990A44009DC268 /* FindCollectionViewCell.xib in Resources */,
				84B2EAD31D8E39E9006B8805 /* ChinaQpTableViewCell.xib in Resources */,
				845941E51D98F7CF00C6E8C6 /* TableViewCell.xib in Resources */,
				84B1FDEF1D87FA7000E6CC0D /* ShopViewController.xib in Resources */,
				84B1FDAB1D87EA2F00E6CC0D /* LaunchScreen.storyboard in Resources */,
				84B1FDA81D87EA2F00E6CC0D /* Assets.xcassets in Resources */,
				84B1FDA61D87EA2F00E6CC0D /* Main.storyboard in Resources */,
				848649951D8940CC000FC933 /* HomeCollectionViewCell.xib in Resources */,
				8471B6B01D90CA8A00BD8662 /* ShowCollectionViewCell.xib in Resources */,
				846E70C71D990FC0009DC268 /* TopTableViewCell.xib in Resources */,
				846E70C21D990DE4009DC268 /* OtherTableViewCell.xib in Resources */,
				84B1FDE91D87FA4800E6CC0D /* ClassifyViewController.xib in Resources */,
				84B1FDF41D87FA8900E6CC0D /* FindViewController.xib in Resources */,
				846E70B31D99030A009DC268 /* ShopTableViewCell.xib in Resources */,
			);
			runOnlyForDeploymentPostprocessing = 0;
		};
/* End PBXResourcesBuildPhase section */

/* Begin PBXShellScriptBuildPhase section */
		240CD6DB0A660EC706601865 /* [CP] Copy Pods Resources */ = {
			isa = PBXShellScriptBuildPhase;
			buildActionMask = 2147483647;
			files = (
			);
			inputPaths = (
			);
			name = "[CP] Copy Pods Resources";
			outputPaths = (
			);
			runOnlyForDeploymentPostprocessing = 0;
			shellPath = /bin/sh;
			shellScript = "\"${SRCROOT}/Pods/Target Support Files/Pods-cheongsam/Pods-cheongsam-resources.sh\"\n";
			showEnvVarsInLog = 0;
		};
		A5FA01248418CC0F6330C014 /* [CP] Embed Pods Frameworks */ = {
			isa = PBXShellScriptBuildPhase;
			buildActionMask = 2147483647;
			files = (
			);
			inputPaths = (
			);
			name = "[CP] Embed Pods Frameworks";
			outputPaths = (
			);
			runOnlyForDeploymentPostprocessing = 0;
			shellPath = /bin/sh;
			shellScript = "\"${SRCROOT}/Pods/Target Support Files/Pods-cheongsam/Pods-cheongsam-frameworks.sh\"\n";
			showEnvVarsInLog = 0;
		};
		DA258C5100F6BF2347E084A1 /* [CP] Check Pods Manifest.lock */ = {
			isa = PBXShellScriptBuildPhase;
			buildActionMask = 2147483647;
			files = (
			);
			inputPaths = (
			);
			name = "[CP] Check Pods Manifest.lock";
			outputPaths = (
			);
			runOnlyForDeploymentPostprocessing = 0;
			shellPath = /bin/sh;
			shellScript = "diff \"${PODS_ROOT}/../Podfile.lock\" \"${PODS_ROOT}/Manifest.lock\" > /dev/null\nif [[ $? != 0 ]] ; then\n    cat << EOM\nerror: The sandbox is not in sync with the Podfile.lock. Run 'pod install' or update your CocoaPods installation.\nEOM\n    exit 1\nfi\n";
			showEnvVarsInLog = 0;
		};
/* End PBXShellScriptBuildPhase section */

/* Begin PBXSourcesBuildPhase section */
		84B1FD941D87EA2E00E6CC0D /* Sources */ = {
			isa = PBXSourcesBuildPhase;
			buildActionMask = 2147483647;
			files = (
				845941E01D98F6EE00C6E8C6 /* QiPaoTableViewViewController.m in Sources */,
				84B1FDA31D87EA2F00E6CC0D /* ViewController.m in Sources */,
				84B1FDCF1D87EBCB00E6CC0D /* LBTabBarController.m in Sources */,
				846E70C11D990DE4009DC268 /* OtherTableViewCell.m in Sources */,
				8471B6A51D90C7AF00BD8662 /* ShowViewController.m in Sources */,
				845937C81D98CEBE00C6E8C6 /* UIView+lineView.m in Sources */,
				84B1FDCE1D87EBCB00E6CC0D /* LBNavigationController.m in Sources */,
				8461ECAA1D98C03E002452DD /* BrandViewController.m in Sources */,
				84B1FDF31D87FA8900E6CC0D /* FindViewController.m in Sources */,
				84B1FDEE1D87FA7000E6CC0D /* ShopViewController.m in Sources */,
				8486498A1D89389E000FC933 /* OtherScrollImages.m in Sources */,
				84B1FDCC1D87EBCB00E6CC0D /* UIImage+Image.m in Sources */,
				84B1FDA01D87EA2F00E6CC0D /* AppDelegate.m in Sources */,
				844D1FEE1D88FE0D0032AC4C /* TopScrollImagesView.m in Sources */,
				845941E41D98F7CF00C6E8C6 /* TableViewCell.m in Sources */,
				8461ECB41D98C3E3002452DD /* QiPaoHuiViewController.m in Sources */,
				8471B6AF1D90CA8A00BD8662 /* ShowCollectionViewCell.m in Sources */,
				840BDC571D9A1CC600032EE2 /* XTBaseModel.m in Sources */,
				84B1FDD61D87F9E100E6CC0D /* HomeViewController.m in Sources */,
				84B1FDE81D87FA4800E6CC0D /* ClassifyViewController.m in Sources */,
				8486498D1D893C13000FC933 /* WYScrollView.m in Sources */,
				8461ECAD1D98C180002452DD /* AllBrandViewController.m in Sources */,
				84B1FD9D1D87EA2F00E6CC0D /* main.m in Sources */,
				84B1FDF81D87FA9600E6CC0D /* VipViewController.m in Sources */,
				8471B6AB1D90C9E400BD8662 /* AllViewController.m in Sources */,
				840BDC521D9A150400032EE2 /* CompanyViewController.m in Sources */,
				846E70B71D990A44009DC268 /* FindCollectionViewCell.m in Sources */,
				845937C71D98CEBE00C6E8C6 /* UILabel+XTinit.m in Sources */,
				840BDC5A1D9A1CED00032EE2 /* CompanyVCModel.m in Sources */,
				84B1FDCD1D87EBCB00E6CC0D /* UIView+LBExtension.m in Sources */,
				848649941D8940CC000FC933 /* HomeCollectionViewCell.m in Sources */,
				84B2EAD21D8E39E9006B8805 /* ChinaQpTableViewCell.m in Sources */,
				846E70B21D99030A009DC268 /* ShopTableViewCell.m in Sources */,
				84B2EACE1D8E3982006B8805 /* ChinaQPTableViewController.m in Sources */,
				845937C61D98CEBE00C6E8C6 /* UIColor+extend.m in Sources */,
				84F1022D1D89280B00788DD7 /* FourBtns.m in Sources */,
				846E70C61D990FC0009DC268 /* TopTableViewCell.m in Sources */,
				848649901D893F97000FC933 /* lastScrollImages.m in Sources */,
				84B1FDD01D87EBCB00E6CC0D /* LBTabBar.m in Sources */,
				846E70AA1D990121009DC268 /* CLassiFyCollectionViewCell.m in Sources */,
			);
			runOnlyForDeploymentPostprocessing = 0;
		};
/* End PBXSourcesBuildPhase section */

/* Begin PBXVariantGroup section */
		84B1FDA41D87EA2F00E6CC0D /* Main.storyboard */ = {
			isa = PBXVariantGroup;
			children = (
				84B1FDA51D87EA2F00E6CC0D /* Base */,
			);
			name = Main.storyboard;
			sourceTree = "<group>";
		};
		84B1FDA91D87EA2F00E6CC0D /* LaunchScreen.storyboard */ = {
			isa = PBXVariantGroup;
			children = (
				84B1FDAA1D87EA2F00E6CC0D /* Base */,
			);
			name = LaunchScreen.storyboard;
			sourceTree = "<group>";
		};
/* End PBXVariantGroup section */

/* Begin XCBuildConfiguration section */
		84B1FDAD1D87EA2F00E6CC0D /* Debug */ = {
			isa = XCBuildConfiguration;
			buildSettings = {
				ALWAYS_SEARCH_USER_PATHS = NO;
				CLANG_ANALYZER_NONNULL = YES;
				CLANG_CXX_LANGUAGE_STANDARD = "gnu++0x";
				CLANG_CXX_LIBRARY = "libc++";
				CLANG_ENABLE_MODULES = YES;
				CLANG_ENABLE_OBJC_ARC = YES;
				CLANG_WARN_BOOL_CONVERSION = YES;
				CLANG_WARN_CONSTANT_CONVERSION = YES;
				CLANG_WARN_DIRECT_OBJC_ISA_USAGE = YES_ERROR;
				CLANG_WARN_EMPTY_BODY = YES;
				CLANG_WARN_ENUM_CONVERSION = YES;
				CLANG_WARN_INT_CONVERSION = YES;
				CLANG_WARN_OBJC_ROOT_CLASS = YES_ERROR;
				CLANG_WARN_UNREACHABLE_CODE = YES;
				CLANG_WARN__DUPLICATE_METHOD_MATCH = YES;
				"CODE_SIGN_IDENTITY[sdk=iphoneos*]" = "iPhone Developer";
				COPY_PHASE_STRIP = NO;
				DEBUG_INFORMATION_FORMAT = dwarf;
				ENABLE_STRICT_OBJC_MSGSEND = YES;
				ENABLE_TESTABILITY = YES;
				GCC_C_LANGUAGE_STANDARD = gnu99;
				GCC_DYNAMIC_NO_PIC = NO;
				GCC_NO_COMMON_BLOCKS = YES;
				GCC_OPTIMIZATION_LEVEL = 0;
				GCC_PREPROCESSOR_DEFINITIONS = (
					"DEBUG=1",
					"$(inherited)",
				);
				GCC_WARN_64_TO_32_BIT_CONVERSION = YES;
				GCC_WARN_ABOUT_RETURN_TYPE = YES_ERROR;
				GCC_WARN_UNDECLARED_SELECTOR = YES;
				GCC_WARN_UNINITIALIZED_AUTOS = YES_AGGRESSIVE;
				GCC_WARN_UNUSED_FUNCTION = YES;
				GCC_WARN_UNUSED_VARIABLE = YES;
				IPHONEOS_DEPLOYMENT_TARGET = 9.3;
				MTL_ENABLE_DEBUG_INFO = YES;
				ONLY_ACTIVE_ARCH = YES;
				SDKROOT = iphoneos;
			};
			name = Debug;
		};
		84B1FDAE1D87EA2F00E6CC0D /* Release */ = {
			isa = XCBuildConfiguration;
			buildSettings = {
				ALWAYS_SEARCH_USER_PATHS = NO;
				CLANG_ANALYZER_NONNULL = YES;
				CLANG_CXX_LANGUAGE_STANDARD = "gnu++0x";
				CLANG_CXX_LIBRARY = "libc++";
				CLANG_ENABLE_MODULES = YES;
				CLANG_ENABLE_OBJC_ARC = YES;
				CLANG_WARN_BOOL_CONVERSION = YES;
				CLANG_WARN_CONSTANT_CONVERSION = YES;
				CLANG_WARN_DIRECT_OBJC_ISA_USAGE = YES_ERROR;
				CLANG_WARN_EMPTY_BODY = YES;
				CLANG_WARN_ENUM_CONVERSION = YES;
				CLANG_WARN_INT_CONVERSION = YES;
				CLANG_WARN_OBJC_ROOT_CLASS = YES_ERROR;
				CLANG_WARN_UNREACHABLE_CODE = YES;
				CLANG_WARN__DUPLICATE_METHOD_MATCH = YES;
				"CODE_SIGN_IDENTITY[sdk=iphoneos*]" = "iPhone Developer";
				COPY_PHASE_STRIP = NO;
				DEBUG_INFORMATION_FORMAT = "dwarf-with-dsym";
				ENABLE_NS_ASSERTIONS = NO;
				ENABLE_STRICT_OBJC_MSGSEND = YES;
				GCC_C_LANGUAGE_STANDARD = gnu99;
				GCC_NO_COMMON_BLOCKS = YES;
				GCC_WARN_64_TO_32_BIT_CONVERSION = YES;
				GCC_WARN_ABOUT_RETURN_TYPE = YES_ERROR;
				GCC_WARN_UNDECLARED_SELECTOR = YES;
				GCC_WARN_UNINITIALIZED_AUTOS = YES_AGGRESSIVE;
				GCC_WARN_UNUSED_FUNCTION = YES;
				GCC_WARN_UNUSED_VARIABLE = YES;
				IPHONEOS_DEPLOYMENT_TARGET = 9.3;
				MTL_ENABLE_DEBUG_INFO = NO;
				SDKROOT = iphoneos;
				VALIDATE_PRODUCT = YES;
			};
			name = Release;
		};
		84B1FDB01D87EA2F00E6CC0D /* Debug */ = {
			isa = XCBuildConfiguration;
			baseConfigurationReference = 7ED0C5344910B5612295A1EC /* Pods-cheongsam.debug.xcconfig */;
			buildSettings = {
				ASSETCATALOG_COMPILER_APPICON_NAME = AppIcon;
				CODE_SIGN_IDENTITY = "iPhone Developer";
				FRAMEWORK_SEARCH_PATHS = (
					"$(inherited)",
					"$(PROJECT_DIR)/cheongsam",
					"$(PROJECT_DIR)/cheongsam/Other/Vendor",
				);
				GCC_PREFIX_HEADER = "$(SRCROOT)/PrefixHeader.pch";
				INFOPLIST_FILE = cheongsam/Info.plist;
				IPHONEOS_DEPLOYMENT_TARGET = 8.2;
				LD_RUNPATH_SEARCH_PATHS = "$(inherited) @executable_path/Frameworks";
				OTHER_LDFLAGS = (
					"$(inherited)",
					"-ObjC",
					"-lz",
					"-framework",
					Reveal,
				);
				PRODUCT_BUNDLE_IDENTIFIER = com.ldwl.cheongsam;
				PRODUCT_NAME = "$(TARGET_NAME)";
				TARGETED_DEVICE_FAMILY = 1;
			};
			name = Debug;
		};
		84B1FDB11D87EA2F00E6CC0D /* Release */ = {
			isa = XCBuildConfiguration;
			baseConfigurationReference = B9215C7F220097F2C85D392C /* Pods-cheongsam.release.xcconfig */;
			buildSettings = {
				ASSETCATALOG_COMPILER_APPICON_NAME = AppIcon;
				CODE_SIGN_IDENTITY = "iPhone Developer";
				FRAMEWORK_SEARCH_PATHS = (
					"$(inherited)",
					"$(PROJECT_DIR)/cheongsam",
					"$(PROJECT_DIR)/cheongsam/Other/Vendor",
				);
				GCC_PREFIX_HEADER = "$(SRCROOT)/PrefixHeader.pch";
				INFOPLIST_FILE = cheongsam/Info.plist;
				IPHONEOS_DEPLOYMENT_TARGET = 8.2;
				LD_RUNPATH_SEARCH_PATHS = "$(inherited) @executable_path/Frameworks";
				OTHER_LDFLAGS = (
					"$(inherited)",
					"-ObjC",
					"-lz",
					"-framework",
					Reveal,
				);
				PRODUCT_BUNDLE_IDENTIFIER = com.ldwl.cheongsam;
				PRODUCT_NAME = "$(TARGET_NAME)";
				TARGETED_DEVICE_FAMILY = 1;
			};
			name = Release;
		};
/* End XCBuildConfiguration section */

/* Begin XCConfigurationList section */
		84B1FD931D87EA2E00E6CC0D /* Build configuration list for PBXProject "cheongsam" */ = {
			isa = XCConfigurationList;
			buildConfigurations = (
				84B1FDAD1D87EA2F00E6CC0D /* Debug */,
				84B1FDAE1D87EA2F00E6CC0D /* Release */,
			);
			defaultConfigurationIsVisible = 0;
			defaultConfigurationName = Release;
		};
		84B1FDAF1D87EA2F00E6CC0D /* Build configuration list for PBXNativeTarget "cheongsam" */ = {
			isa = XCConfigurationList;
			buildConfigurations = (
				84B1FDB01D87EA2F00E6CC0D /* Debug */,
				84B1FDB11D87EA2F00E6CC0D /* Release */,
			);
			defaultConfigurationIsVisible = 0;
			defaultConfigurationName = Release;
		};
/* End XCConfigurationList section */
	};
	rootObject = 84B1FD901D87EA2E00E6CC0D /* Project object */;
}
